
Microsoft Visual Studio Solution File, Format Version 12.00
# Visual Studio 15
VisualStudioVersion = 15.0.27130.2026
MinimumVisualStudioVersion = 10.0.40219.1
Project("{9A19103F-16F7-4668-BE54-9A1E7A4F7556}") = "RedbackCoreLite", "..\..\redback\Redback\RedbackCoreLite\RedbackCoreLite.csproj", "{01B732CB-BF3F-4F3A-B61C-9EFF5D8E0322}"
EndProject
Project("{9A19103F-16F7-4668-BE54-9A1E7A4F7556}") = "AiLinLib", "AiLinLib\AiLinLib.csproj", "{99D20B9E-18C5-42B8-A82B-F1DCDFDBDF76}"
EndProject
Project("{9A19103F-16F7-4668-BE54-9A1E7A4F7556}") = "JsonParser_dns11", "..\..\jsonparser\JsonParser\JsonParser\JsonParser_dns11.csproj", "{714C9E77-900F-4078-ABA1-96C6BEEAAB62}"
EndProject
Project("{9A19103F-16F7-4668-BE54-9A1E7A4F7556}") = "QSharp.Scheme.Classical.Sequential(dns11)", "..\..\qsharp\QSharp\QSharp.Scheme.Classical.Sequential\QSharp.Scheme.Classical.Sequential(dns11).csproj", "{C503A736-6CCD-4FC6-B920-96CC7B9C9D9C}"
EndProject
Project("{9A19103F-16F7-4668-BE54-9A1E7A4F7556}") = "AiLinCsvMediaMerger", "AiLinCsvMediaMerger\AiLinCsvMediaMerger.csproj", "{6C10C5D2-CE29-4200-97D4-AFD878FA5135}"
EndProject
Project("{9A19103F-16F7-4668-BE54-9A1E7A4F7556}") = "WebKit", "WebKit\WebKit.csproj", "{39DF772A-655D-4020-AF29-FF9D256B956E}"
EndProject
Project("{9A19103F-16F7-4668-BE54-9A1E7A4F7556}") = "TestConsole", "TestConsole\TestConsole.csproj", "{C97BDB2F-D48A-4F8A-9715-55D15E17144D}"
EndProject
Project("{9A19103F-16F7-4668-BE54-9A1E7A4F7556}") = "AiLinConsole", "AiLinConsole\AiLinConsole.csproj", "{4C1CF3B1-7A45-4C18-BAEA-2434AE658FE4}"
EndProject
Project("{FAE04EC0-301F-11D3-BF4B-00C04F79EFBC}") = "AiLinUwp", "AiLinUwp\AiLinUwp.csproj", "{785B4A3A-7D42-49A9-BE43-5B6FEB7761D6}"
EndProject
Global
	GlobalSection(SolutionConfigurationPlatforms) = preSolution
		Debug|Any CPU = Debug|Any CPU
		Debug|ARM = Debug|ARM
		Debug|x64 = Debug|x64
		Debug|x86 = Debug|x86
		Release|Any CPU = Release|Any CPU
		Release|ARM = Release|ARM
		Release|x64 = Release|x64
		Release|x86 = Release|x86
	EndGlobalSection
	GlobalSection(ProjectConfigurationPlatforms) = postSolution
		{01B732CB-BF3F-4F3A-B61C-9EFF5D8E0322}.Debug|Any CPU.ActiveCfg = Debug|Any CPU
		{01B732CB-BF3F-4F3A-B61C-9EFF5D8E0322}.Debug|Any CPU.Build.0 = Debug|Any CPU
		{01B732CB-BF3F-4F3A-B61C-9EFF5D8E0322}.Debug|ARM.ActiveCfg = Debug|Any CPU
		{01B732CB-BF3F-4F3A-B61C-9EFF5D8E0322}.Debug|ARM.Build.0 = Debug|Any CPU
		{01B732CB-BF3F-4F3A-B61C-9EFF5D8E0322}.Debug|x64.ActiveCfg = Debug|Any CPU
		{01B732CB-BF3F-4F3A-B61C-9EFF5D8E0322}.Debug|x64.Build.0 = Debug|Any CPU
		{01B732CB-BF3F-4F3A-B61C-9EFF5D8E0322}.Debug|x86.ActiveCfg = Debug|Any CPU
		{01B732CB-BF3F-4F3A-B61C-9EFF5D8E0322}.Debug|x86.Build.0 = Debug|Any CPU
		{01B732CB-BF3F-4F3A-B61C-9EFF5D8E0322}.Release|Any CPU.ActiveCfg = Release|Any CPU
		{01B732CB-BF3F-4F3A-B61C-9EFF5D8E0322}.Release|Any CPU.Build.0 = Release|Any CPU
		{01B732CB-BF3F-4F3A-B61C-9EFF5D8E0322}.Release|ARM.ActiveCfg = Release|Any CPU
		{01B732CB-BF3F-4F3A-B61C-9EFF5D8E0322}.Release|ARM.Build.0 = Release|Any CPU
		{01B732CB-BF3F-4F3A-B61C-9EFF5D8E0322}.Release|x64.ActiveCfg = Release|Any CPU
		{01B732CB-BF3F-4F3A-B61C-9EFF5D8E0322}.Release|x64.Build.0 = Release|Any CPU
		{01B732CB-BF3F-4F3A-B61C-9EFF5D8E0322}.Release|x86.ActiveCfg = Release|Any CPU
		{01B732CB-BF3F-4F3A-B61C-9EFF5D8E0322}.Release|x86.Build.0 = Release|Any CPU
		{99D20B9E-18C5-42B8-A82B-F1DCDFDBDF76}.Debug|Any CPU.ActiveCfg = Debug|Any CPU
		{99D20B9E-18C5-42B8-A82B-F1DCDFDBDF76}.Debug|Any CPU.Build.0 = Debug|Any CPU
		{99D20B9E-18C5-42B8-A82B-F1DCDFDBDF76}.Debug|ARM.ActiveCfg = Debug|Any CPU
		{99D20B9E-18C5-42B8-A82B-F1DCDFDBDF76}.Debug|ARM.Build.0 = Debug|Any CPU
		{99D20B9E-18C5-42B8-A82B-F1DCDFDBDF76}.Debug|x64.ActiveCfg = Debug|Any CPU
		{99D20B9E-18C5-42B8-A82B-F1DCDFDBDF76}.Debug|x64.Build.0 = Debug|Any CPU
		{99D20B9E-18C5-42B8-A82B-F1DCDFDBDF76}.Debug|x86.ActiveCfg = Debug|Any CPU
		{99D20B9E-18C5-42B8-A82B-F1DCDFDBDF76}.Debug|x86.Build.0 = Debug|Any CPU
		{99D20B9E-18C5-42B8-A82B-F1DCDFDBDF76}.Release|Any CPU.ActiveCfg = Release|Any CPU
		{99D20B9E-18C5-42B8-A82B-F1DCDFDBDF76}.Release|Any CPU.Build.0 = Release|Any CPU
		{99D20B9E-18C5-42B8-A82B-F1DCDFDBDF76}.Release|ARM.ActiveCfg = Release|Any CPU
		{99D20B9E-18C5-42B8-A82B-F1DCDFDBDF76}.Release|ARM.Build.0 = Release|Any CPU
		{99D20B9E-18C5-42B8-A82B-F1DCDFDBDF76}.Release|x64.ActiveCfg = Release|Any CPU
		{99D20B9E-18C5-42B8-A82B-F1DCDFDBDF76}.Release|x64.Build.0 = Release|Any CPU
		{99D20B9E-18C5-42B8-A82B-F1DCDFDBDF76}.Release|x86.ActiveCfg = Release|Any CPU
		{99D20B9E-18C5-42B8-A82B-F1DCDFDBDF76}.Release|x86.Build.0 = Release|Any CPU
		{714C9E77-900F-4078-ABA1-96C6BEEAAB62}.Debug|Any CPU.ActiveCfg = Debug|Any CPU
		{714C9E77-900F-4078-ABA1-96C6BEEAAB62}.Debug|Any CPU.Build.0 = Debug|Any CPU
		{714C9E77-900F-4078-ABA1-96C6BEEAAB62}.Debug|ARM.ActiveCfg = Debug|Any CPU
		{714C9E77-900F-4078-ABA1-96C6BEEAAB62}.Debug|ARM.Build.0 = Debug|Any CPU
		{714C9E77-900F-4078-ABA1-96C6BEEAAB62}.Debug|x64.ActiveCfg = Debug|Any CPU
		{714C9E77-900F-4078-ABA1-96C6BEEAAB62}.Debug|x64.Build.0 = Debug|Any CPU
		{714C9E77-900F-4078-ABA1-96C6BEEAAB62}.Debug|x86.ActiveCfg = Debug|Any CPU
		{714C9E77-900F-4078-ABA1-96C6BEEAAB62}.Debug|x86.Build.0 = Debug|Any CPU
		{714C9E77-900F-4078-ABA1-96C6BEEAAB62}.Release|Any CPU.ActiveCfg = Release|Any CPU
		{714C9E77-900F-4078-ABA1-96C6BEEAAB62}.Release|Any CPU.Build.0 = Release|Any CPU
		{714C9E77-900F-4078-ABA1-96C6BEEAAB62}.Release|ARM.ActiveCfg = Release|Any CPU
		{714C9E77-900F-4078-ABA1-96C6BEEAAB62}.Release|ARM.Build.0 = Release|Any CPU
		{714C9E77-900F-4078-ABA1-96C6BEEAAB62}.Release|x64.ActiveCfg = Release|Any CPU
		{714C9E77-900F-4078-ABA1-96C6BEEAAB62}.Release|x64.Build.0 = Release|Any CPU
		{714C9E77-900F-4078-ABA1-96C6BEEAAB62}.Release|x86.ActiveCfg = Release|Any CPU
		{714C9E77-900F-4078-ABA1-96C6BEEAAB62}.Release|x86.Build.0 = Release|Any CPU
		{C503A736-6CCD-4FC6-B920-96CC7B9C9D9C}.Debug|Any CPU.ActiveCfg = Debug|Any CPU
		{C503A736-6CCD-4FC6-B920-96CC7B9C9D9C}.Debug|Any CPU.Build.0 = Debug|Any CPU
		{C503A736-6CCD-4FC6-B920-96CC7B9C9D9C}.Debug|ARM.ActiveCfg = Debug|Any CPU
		{C503A736-6CCD-4FC6-B920-96CC7B9C9D9C}.Debug|ARM.Build.0 = Debug|Any CPU
		{C503A736-6CCD-4FC6-B920-96CC7B9C9D9C}.Debug|x64.ActiveCfg = Debug|Any CPU
		{C503A736-6CCD-4FC6-B920-96CC7B9C9D9C}.Debug|x64.Build.0 = Debug|Any CPU
		{C503A736-6CCD-4FC6-B920-96CC7B9C9D9C}.Debug|x86.ActiveCfg = Debug|Any CPU
		{C503A736-6CCD-4FC6-B920-96CC7B9C9D9C}.Debug|x86.Build.0 = Debug|Any CPU
		{C503A736-6CCD-4FC6-B920-96CC7B9C9D9C}.Release|Any CPU.ActiveCfg = Release|Any CPU
		{C503A736-6CCD-4FC6-B920-96CC7B9C9D9C}.Release|Any CPU.Build.0 = Release|Any CPU
		{C503A736-6CCD-4FC6-B920-96CC7B9C9D9C}.Release|ARM.ActiveCfg = Release|Any CPU
		{C503A736-6CCD-4FC6-B920-96CC7B9C9D9C}.Release|ARM.Build.0 = Release|Any CPU
		{C503A736-6CCD-4FC6-B920-96CC7B9C9D9C}.Release|x64.ActiveCfg = Release|Any CPU
		{C503A736-6CCD-4FC6-B920-96CC7B9C9D9C}.Release|x64.Build.0 = Release|Any CPU
		{C503A736-6CCD-4FC6-B920-96CC7B9C9D9C}.Release|x86.ActiveCfg = Release|Any CPU
		{C503A736-6CCD-4FC6-B920-96CC7B9C9D9C}.Release|x86.Build.0 = Release|Any CPU
		{6C10C5D2-CE29-4200-97D4-AFD878FA5135}.Debug|Any CPU.ActiveCfg = Debug|Any CPU
		{6C10C5D2-CE29-4200-97D4-AFD878FA5135}.Debug|Any CPU.Build.0 = Debug|Any CPU
		{6C10C5D2-CE29-4200-97D4-AFD878FA5135}.Debug|ARM.ActiveCfg = Debug|Any CPU
		{6C10C5D2-CE29-4200-97D4-AFD878FA5135}.Debug|ARM.Build.0 = Debug|Any CPU
		{6C10C5D2-CE29-4200-97D4-AFD878FA5135}.Debug|x64.ActiveCfg = Debug|Any CPU
		{6C10C5D2-CE29-4200-97D4-AFD878FA5135}.Debug|x64.Build.0 = Debug|Any CPU
		{6C10C5D2-CE29-4200-97D4-AFD878FA5135}.Debug|x86.ActiveCfg = Debug|Any CPU
		{6C10C5D2-CE29-4200-97D4-AFD878FA5135}.Debug|x86.Build.0 = Debug|Any CPU
		{6C10C5D2-CE29-4200-97D4-AFD878FA5135}.Release|Any CPU.ActiveCfg = Release|Any CPU
		{6C10C5D2-CE29-4200-97D4-AFD878FA5135}.Release|Any CPU.Build.0 = Release|Any CPU
		{6C10C5D2-CE29-4200-97D4-AFD878FA5135}.Release|ARM.ActiveCfg = Release|Any CPU
		{6C10C5D2-CE29-4200-97D4-AFD878FA5135}.Release|ARM.Build.0 = Release|Any CPU
		{6C10C5D2-CE29-4200-97D4-AFD878FA5135}.Release|x64.ActiveCfg = Release|Any CPU
		{6C10C5D2-CE29-4200-97D4-AFD878FA5135}.Release|x64.Build.0 = Release|Any CPU
		{6C10C5D2-CE29-4200-97D4-AFD878FA5135}.Release|x86.ActiveCfg = Release|Any CPU
		{6C10C5D2-CE29-4200-97D4-AFD878FA5135}.Release|x86.Build.0 = Release|Any CPU
		{39DF772A-655D-4020-AF29-FF9D256B956E}.Debug|Any CPU.ActiveCfg = Debug|Any CPU
		{39DF772A-655D-4020-AF29-FF9D256B956E}.Debug|Any CPU.Build.0 = Debug|Any CPU
		{39DF772A-655D-4020-AF29-FF9D256B956E}.Debug|ARM.ActiveCfg = Debug|Any CPU
		{39DF772A-655D-4020-AF29-FF9D256B956E}.Debug|ARM.Build.0 = Debug|Any CPU
		{39DF772A-655D-4020-AF29-FF9D256B956E}.Debug|x64.ActiveCfg = Debug|Any CPU
		{39DF772A-655D-4020-AF29-FF9D256B956E}.Debug|x64.Build.0 = Debug|Any CPU
		{39DF772A-655D-4020-AF29-FF9D256B956E}.Debug|x86.ActiveCfg = Debug|Any CPU
		{39DF772A-655D-4020-AF29-FF9D256B956E}.Debug|x86.Build.0 = Debug|Any CPU
		{39DF772A-655D-4020-AF29-FF9D256B956E}.Release|Any CPU.ActiveCfg = Release|Any CPU
		{39DF772A-655D-4020-AF29-FF9D256B956E}.Release|Any CPU.Build.0 = Release|Any CPU
		{39DF772A-655D-4020-AF29-FF9D256B956E}.Release|ARM.ActiveCfg = Release|Any CPU
		{39DF772A-655D-4020-AF29-FF9D256B956E}.Release|ARM.Build.0 = Release|Any CPU
		{39DF772A-655D-4020-AF29-FF9D256B956E}.Release|x64.ActiveCfg = Release|Any CPU
		{39DF772A-655D-4020-AF29-FF9D256B956E}.Release|x64.Build.0 = Release|Any CPU
		{39DF772A-655D-4020-AF29-FF9D256B956E}.Release|x86.ActiveCfg = Release|Any CPU
		{39DF772A-655D-4020-AF29-FF9D256B956E}.Release|x86.Build.0 = Release|Any CPU
		{C97BDB2F-D48A-4F8A-9715-55D15E17144D}.Debug|Any CPU.ActiveCfg = Debug|Any CPU
		{C97BDB2F-D48A-4F8A-9715-55D15E17144D}.Debug|Any CPU.Build.0 = Debug|Any CPU
		{C97BDB2F-D48A-4F8A-9715-55D15E17144D}.Debug|ARM.ActiveCfg = Debug|Any CPU
		{C97BDB2F-D48A-4F8A-9715-55D15E17144D}.Debug|ARM.Build.0 = Debug|Any CPU
		{C97BDB2F-D48A-4F8A-9715-55D15E17144D}.Debug|x64.ActiveCfg = Debug|Any CPU
		{C97BDB2F-D48A-4F8A-9715-55D15E17144D}.Debug|x64.Build.0 = Debug|Any CPU
		{C97BDB2F-D48A-4F8A-9715-55D15E17144D}.Debug|x86.ActiveCfg = Debug|Any CPU
		{C97BDB2F-D48A-4F8A-9715-55D15E17144D}.Debug|x86.Build.0 = Debug|Any CPU
		{C97BDB2F-D48A-4F8A-9715-55D15E17144D}.Release|Any CPU.ActiveCfg = Release|Any CPU
		{C97BDB2F-D48A-4F8A-9715-55D15E17144D}.Release|Any CPU.Build.0 = Release|Any CPU
		{C97BDB2F-D48A-4F8A-9715-55D15E17144D}.Release|ARM.ActiveCfg = Release|Any CPU
		{C97BDB2F-D48A-4F8A-9715-55D15E17144D}.Release|ARM.Build.0 = Release|Any CPU
		{C97BDB2F-D48A-4F8A-9715-55D15E17144D}.Release|x64.ActiveCfg = Release|Any CPU
		{C97BDB2F-D48A-4F8A-9715-55D15E17144D}.Release|x64.Build.0 = Release|Any CPU
		{C97BDB2F-D48A-4F8A-9715-55D15E17144D}.Release|x86.ActiveCfg = Release|Any CPU
		{C97BDB2F-D48A-4F8A-9715-55D15E17144D}.Release|x86.Build.0 = Release|Any CPU
		{4C1CF3B1-7A45-4C18-BAEA-2434AE658FE4}.Debug|Any CPU.ActiveCfg = Debug|Any CPU
		{4C1CF3B1-7A45-4C18-BAEA-2434AE658FE4}.Debug|Any CPU.Build.0 = Debug|Any CPU
		{4C1CF3B1-7A45-4C18-BAEA-2434AE658FE4}.Debug|ARM.ActiveCfg = Debug|Any CPU
		{4C1CF3B1-7A45-4C18-BAEA-2434AE658FE4}.Debug|ARM.Build.0 = Debug|Any CPU
		{4C1CF3B1-7A45-4C18-BAEA-2434AE658FE4}.Debug|x64.ActiveCfg = Debug|Any CPU
		{4C1CF3B1-7A45-4C18-BAEA-2434AE658FE4}.Debug|x64.Build.0 = Debug|Any CPU
		{4C1CF3B1-7A45-4C18-BAEA-2434AE658FE4}.Debug|x86.ActiveCfg = Debug|Any CPU
		{4C1CF3B1-7A45-4C18-BAEA-2434AE658FE4}.Debug|x86.Build.0 = Debug|Any CPU
		{4C1CF3B1-7A45-4C18-BAEA-2434AE658FE4}.Release|Any CPU.ActiveCfg = Release|Any CPU
		{4C1CF3B1-7A45-4C18-BAEA-2434AE658FE4}.Release|Any CPU.Build.0 = Release|Any CPU
		{4C1CF3B1-7A45-4C18-BAEA-2434AE658FE4}.Release|ARM.ActiveCfg = Release|Any CPU
		{4C1CF3B1-7A45-4C18-BAEA-2434AE658FE4}.Release|ARM.Build.0 = Release|Any CPU
		{4C1CF3B1-7A45-4C18-BAEA-2434AE658FE4}.Release|x64.ActiveCfg = Release|Any CPU
		{4C1CF3B1-7A45-4C18-BAEA-2434AE658FE4}.Release|x64.Build.0 = Release|Any CPU
		{4C1CF3B1-7A45-4C18-BAEA-2434AE658FE4}.Release|x86.ActiveCfg = Release|Any CPU
		{4C1CF3B1-7A45-4C18-BAEA-2434AE658FE4}.Release|x86.Build.0 = Release|Any CPU
		{785B4A3A-7D42-49A9-BE43-5B6FEB7761D6}.Debug|Any CPU.ActiveCfg = Debug|x86
		{785B4A3A-7D42-49A9-BE43-5B6FEB7761D6}.Debug|Any CPU.Build.0 = Debug|x86
		{785B4A3A-7D42-49A9-BE43-5B6FEB7761D6}.Debug|Any CPU.Deploy.0 = Debug|x86
		{785B4A3A-7D42-49A9-BE43-5B6FEB7761D6}.Debug|ARM.ActiveCfg = Debug|ARM
		{785B4A3A-7D42-49A9-BE43-5B6FEB7761D6}.Debug|ARM.Build.0 = Debug|ARM
		{785B4A3A-7D42-49A9-BE43-5B6FEB7761D6}.Debug|ARM.Deploy.0 = Debug|ARM
		{785B4A3A-7D42-49A9-BE43-5B6FEB7761D6}.Debug|x64.ActiveCfg = Debug|x64
		{785B4A3A-7D42-49A9-BE43-5B6FEB7761D6}.Debug|x64.Build.0 = Debug|x64
		{785B4A3A-7D42-49A9-BE43-5B6FEB7761D6}.Debug|x64.Deploy.0 = Debug|x64
		{785B4A3A-7D42-49A9-BE43-5B6FEB7761D6}.Debug|x86.ActiveCfg = Debug|x86
		{785B4A3A-7D42-49A9-BE43-5B6FEB7761D6}.Debug|x86.Build.0 = Debug|x86
		{785B4A3A-7D42-49A9-BE43-5B6FEB7761D6}.Debug|x86.Deploy.0 = Debug|x86
		{785B4A3A-7D42-49A9-BE43-5B6FEB7761D6}.Release|Any CPU.ActiveCfg = Release|x86
		{785B4A3A-7D42-49A9-BE43-5B6FEB7761D6}.Release|ARM.ActiveCfg = Release|ARM
		{785B4A3A-7D42-49A9-BE43-5B6FEB7761D6}.Release|ARM.Build.0 = Release|ARM
		{785B4A3A-7D42-49A9-BE43-5B6FEB7761D6}.Release|ARM.Deploy.0 = Release|ARM
		{785B4A3A-7D42-49A9-BE43-5B6FEB7761D6}.Release|x64.ActiveCfg = Release|x64
		{785B4A3A-7D42-49A9-BE43-5B6FEB7761D6}.Release|x64.Build.0 = Release|x64
		{785B4A3A-7D42-49A9-BE43-5B6FEB7761D6}.Release|x64.Deploy.0 = Release|x64
		{785B4A3A-7D42-49A9-BE43-5B6FEB7761D6}.Release|x86.ActiveCfg = Release|x86
		{785B4A3A-7D42-49A9-BE43-5B6FEB7761D6}.Release|x86.Build.0 = Release|x86
		{785B4A3A-7D42-49A9-BE43-5B6FEB7761D6}.Release|x86.Deploy.0 = Release|x86
	EndGlobalSection
	GlobalSection(SolutionProperties) = preSolution
		HideSolutionNode = FALSE
	EndGlobalSection
	GlobalSection(ExtensibilityGlobals) = postSolution
		SolutionGuid = {ED292338-703A-4057-B3B1-8F77BA32021A}
	EndGlobalSection
EndGlobal
